
Microsoft Visual Studio Solution File, Format Version 12.00
# Visual Studio Version 16
VisualStudioVersion = 16.0.31105.61
MinimumVisualStudioVersion = 10.0.40219.1
Project("{8BC9CEB8-8B4A-11D0-8D11-00A0C91BC942}") = "Engine", "Engine\Engine.vcxproj", "{4401C86B-984C-4184-A0A5-33586F893073}"
EndProject
Project("{8BC9CEB8-8B4A-11D0-8D11-00A0C91BC942}") = "ExampleCube", "ExampleCube\ExampleCube.vcxproj", "{BE45DD28-3C6E-4A43-9841-3116D0A4B213}"
	ProjectSection(ProjectDependencies) = postProject
		{4401C86B-984C-4184-A0A5-33586F893073} = {4401C86B-984C-4184-A0A5-33586F893073}
	EndProjectSection
EndProject
Project("{8BC9CEB8-8B4A-11D0-8D11-00A0C91BC942}") = "NormalMap", "NormalMap\NormalMap.vcxproj", "{986F99C5-2BD3-45A1-A9D8-2CC999A8A73D}"
	ProjectSection(ProjectDependencies) = postProject
		{4401C86B-984C-4184-A0A5-33586F893073} = {4401C86B-984C-4184-A0A5-33586F893073}
	EndProjectSection
EndProject
Global
	GlobalSection(SolutionConfigurationPlatforms) = preSolution
		Debug|x64 = Debug|x64
		Debug|x86 = Debug|x86
		Release|x64 = Release|x64
		Release|x86 = Release|x86
	EndGlobalSection
	GlobalSection(ProjectConfigurationPlatforms) = postSolution
		{4401C86B-984C-4184-A0A5-33586F893073}.Debug|x64.ActiveCfg = Debug|x64
		{4401C86B-984C-4184-A0A5-33586F893073}.Debug|x64.Build.0 = Debug|x64
		{4401C86B-984C-4184-A0A5-33586F893073}.Debug|x86.ActiveCfg = Debug|Win32
		{4401C86B-984C-4184-A0A5-33586F893073}.Debug|x86.Build.0 = Debug|Win32
		{4401C86B-984C-4184-A0A5-33586F893073}.Release|x64.ActiveCfg = Release|x64
		{4401C86B-984C-4184-A0A5-33586F893073}.Release|x64.Build.0 = Release|x64
		{4401C86B-984C-4184-A0A5-33586F893073}.Release|x86.ActiveCfg = Release|Win32
		{4401C86B-984C-4184-A0A5-33586F893073}.Release|x86.Build.0 = Release|Win32
		{BE45DD28-3C6E-4A43-9841-3116D0A4B213}.Debug|x64.ActiveCfg = Debug|x64
		{BE45DD28-3C6E-4A43-9841-3116D0A4B213}.Debug|x64.Build.0 = Debug|x64
		{BE45DD28-3C6E-4A43-9841-3116D0A4B213}.Debug|x86.ActiveCfg = Debug|Win32
		{BE45DD28-3C6E-4A43-9841-3116D0A4B213}.Debug|x86.Build.0 = Debug|Win32
		{BE45DD28-3C6E-4A43-9841-3116D0A4B213}.Release|x64.ActiveCfg = Release|x64
		{BE45DD28-3C6E-4A43-9841-3116D0A4B213}.Release|x64.Build.0 = Release|x64
		{BE45DD28-3C6E-4A43-9841-3116D0A4B213}.Release|x86.ActiveCfg = Release|Win32
		{BE45DD28-3C6E-4A43-9841-3116D0A4B213}.Release|x86.Build.0 = Release|Win32
		{986F99C5-2BD3-45A1-A9D8-2CC999A8A73D}.Debug|x64.ActiveCfg = Debug|x64
		{986F99C5-2BD3-45A1-A9D8-2CC999A8A73D}.Debug|x64.Build.0 = Debug|x64
		{986F99C5-2BD3-45A1-A9D8-2CC999A8A73D}.Debug|x86.ActiveCfg = Debug|Win32
		{986F99C5-2BD3-45A1-A9D8-2CC999A8A73D}.Debug|x86.Build.0 = Debug|Win32
		{986F99C5-2BD3-45A1-A9D8-2CC999A8A73D}.Release|x64.ActiveCfg = Release|x64
		{986F99C5-2BD3-45A1-A9D8-2CC999A8A73D}.Release|x64.Build.0 = Release|x64
		{986F99C5-2BD3-45A1-A9D8-2CC999A8A73D}.Release|x86.ActiveCfg = Release|Win32
		{986F99C5-2BD3-45A1-A9D8-2CC999A8A73D}.Release|x86.Build.0 = Release|Win32
	EndGlobalSection
	GlobalSection(SolutionProperties) = preSolution
		HideSolutionNode = FALSE
	EndGlobalSection
	GlobalSection(ExtensibilityGlobals) = postSolution
		SolutionGuid = {9994B9F6-6FDA-45B4-935E-36ADECCCC488}
	EndGlobalSection
EndGlobal
