
Microsoft Visual Studio Solution File, Format Version 12.00
# Visual Studio 15
VisualStudioVersion = 15.0.27130.0
MinimumVisualStudioVersion = 10.0.40219.1
Project("{8BC9CEB8-8B4A-11D0-8D11-00A0C91BC942}") = "R3D_Vulkan_Engine", "Vulkan_Game_Dev\Vulkan_Game_Dev.vcxproj", "{4401C86B-984C-4184-A0A5-33586F893073}"
EndProject
Global
	GlobalSection(SolutionConfigurationPlatforms) = preSolution
		Debug|x64 = Debug|x64
		Debug|x86 = Debug|x86
		release_2|x64 = release_2|x64
		release_2|x86 = release_2|x86
		Release|x64 = Release|x64
		Release|x86 = Release|x86
		Vulkan_elman_pc|x64 = Vulkan_elman_pc|x64
		Vulkan_elman_pc|x86 = Vulkan_elman_pc|x86
	EndGlobalSection
	GlobalSection(ProjectConfigurationPlatforms) = postSolution
		{4401C86B-984C-4184-A0A5-33586F893073}.Debug|x64.ActiveCfg = Debug|x64
		{4401C86B-984C-4184-A0A5-33586F893073}.Debug|x64.Build.0 = Debug|x64
		{4401C86B-984C-4184-A0A5-33586F893073}.Debug|x86.ActiveCfg = Debug|Win32
		{4401C86B-984C-4184-A0A5-33586F893073}.Debug|x86.Build.0 = Debug|Win32
		{4401C86B-984C-4184-A0A5-33586F893073}.release_2|x64.ActiveCfg = release_2|x64
		{4401C86B-984C-4184-A0A5-33586F893073}.release_2|x64.Build.0 = release_2|x64
		{4401C86B-984C-4184-A0A5-33586F893073}.release_2|x86.ActiveCfg = release_2|Win32
		{4401C86B-984C-4184-A0A5-33586F893073}.release_2|x86.Build.0 = release_2|Win32
		{4401C86B-984C-4184-A0A5-33586F893073}.Release|x64.ActiveCfg = Release|x64
		{4401C86B-984C-4184-A0A5-33586F893073}.Release|x64.Build.0 = Release|x64
		{4401C86B-984C-4184-A0A5-33586F893073}.Release|x86.ActiveCfg = Release|Win32
		{4401C86B-984C-4184-A0A5-33586F893073}.Release|x86.Build.0 = Release|Win32
		{4401C86B-984C-4184-A0A5-33586F893073}.Vulkan_elman_pc|x64.ActiveCfg = Vulkan_elman_pc|x64
		{4401C86B-984C-4184-A0A5-33586F893073}.Vulkan_elman_pc|x64.Build.0 = Vulkan_elman_pc|x64
		{4401C86B-984C-4184-A0A5-33586F893073}.Vulkan_elman_pc|x86.ActiveCfg = Vulkan_elman_pc|Win32
		{4401C86B-984C-4184-A0A5-33586F893073}.Vulkan_elman_pc|x86.Build.0 = Vulkan_elman_pc|Win32
	EndGlobalSection
	GlobalSection(SolutionProperties) = preSolution
		HideSolutionNode = FALSE
	EndGlobalSection
	GlobalSection(ExtensibilityGlobals) = postSolution
		SolutionGuid = {9994B9F6-6FDA-45B4-935E-36ADECCCC488}
	EndGlobalSection
EndGlobal
