<?xml version="1.0" encoding="utf-8"?>
<Project ToolsVersion="4.0" xmlns="http://schemas.microsoft.com/developer/msbuild/2003">
  <ItemGroup>
    <Filter Include="Source">
      <UniqueIdentifier>{9f9e0cd2-18d0-4e94-aa12-c68990452897}</UniqueIdentifier>
    </Filter>
    <Filter Include="Engine">
      <UniqueIdentifier>{be767481-ce1d-4bad-a5f3-4aeae38d9b7f}</UniqueIdentifier>
    </Filter>
    <Filter Include="Engine\Renderer">
      <UniqueIdentifier>{fc06610a-7ac2-4f0f-b638-951b5eff3bd8}</UniqueIdentifier>
    </Filter>
    <Filter Include="Engine\Graphics">
      <UniqueIdentifier>{c8467a9d-cccc-486f-814e-ac1fa2cce737}</UniqueIdentifier>
    </Filter>
    <Filter Include="Engine\Cameras">
      <UniqueIdentifier>{3bcbc072-07c8-49df-926a-7e4a2a3da833}</UniqueIdentifier>
    </Filter>
    <Filter Include="Engine\World">
      <UniqueIdentifier>{f0d3173b-0d3b-48a2-a5fb-0ec342f99870}</UniqueIdentifier>
    </Filter>
    <Filter Include="Asset">
      <UniqueIdentifier>{cbc302f8-152a-45f7-b3f6-ede5fab25a31}</UniqueIdentifier>
    </Filter>
    <Filter Include="ImGui">
      <UniqueIdentifier>{c606f9d2-a452-4947-8432-abe1a04f9b7d}</UniqueIdentifier>
    </Filter>
    <Filter Include="Engine\UI">
      <UniqueIdentifier>{e0688573-f834-4be7-8363-ea5ac447cdc1}</UniqueIdentifier>
    </Filter>
  </ItemGroup>
  <ItemGroup>
    <ClCompile Include="Logger.cpp">
      <Filter>Source</Filter>
    </ClCompile>
    <ClCompile Include="cameras\Camera.cpp">
      <Filter>Engine\Cameras</Filter>
    </ClCompile>
    <ClCompile Include="world\GameObject.cpp">
      <Filter>Engine\World</Filter>
    </ClCompile>
    <ClCompile Include="world\Material.cpp">
      <Filter>Engine\World</Filter>
    </ClCompile>
    <ClCompile Include="world\Mesh.cpp">
      <Filter>Engine\World</Filter>
    </ClCompile>
    <ClCompile Include="world\Scene.cpp">
      <Filter>Engine\World</Filter>
    </ClCompile>
    <ClCompile Include="world\Texture.cpp">
      <Filter>Engine\World</Filter>
    </ClCompile>
    <ClCompile Include="cameras\Controller.cpp">
      <Filter>Engine\Cameras</Filter>
    </ClCompile>
    <ClCompile Include="Window.cpp">
      <Filter>Source</Filter>
    </ClCompile>
    <ClCompile Include="Engine.cpp">
      <Filter>Source</Filter>
    </ClCompile>
    <ClCompile Include="graphics\Math.cpp">
      <Filter>Engine\Graphics</Filter>
    </ClCompile>
    <ClCompile Include="world\LightObject.cpp">
      <Filter>Engine\World</Filter>
    </ClCompile>
    <ClCompile Include="..\dependencies\imgui-1.87\imgui.cpp">
      <Filter>ImGui</Filter>
    </ClCompile>
    <ClCompile Include="..\dependencies\imgui-1.87\imgui_demo.cpp">
      <Filter>ImGui</Filter>
    </ClCompile>
    <ClCompile Include="..\dependencies\imgui-1.87\imgui_draw.cpp">
      <Filter>ImGui</Filter>
    </ClCompile>
    <ClCompile Include="..\dependencies\imgui-1.87\imgui_impl_glfw.cpp">
      <Filter>ImGui</Filter>
    </ClCompile>
    <ClCompile Include="..\dependencies\imgui-1.87\imgui_impl_vulkan.cpp">
      <Filter>ImGui</Filter>
    </ClCompile>
    <ClCompile Include="..\dependencies\imgui-1.87\imgui_tables.cpp">
      <Filter>ImGui</Filter>
    </ClCompile>
    <ClCompile Include="..\dependencies\imgui-1.87\imgui_widgets.cpp">
      <Filter>ImGui</Filter>
    </ClCompile>
    <ClCompile Include="ui\ConsoleUI.cpp">
      <Filter>Engine\UI</Filter>
    </ClCompile>
    <ClCompile Include="renderer\Renderer.cpp">
      <Filter>Engine\Renderer</Filter>
    </ClCompile>
    <ClCompile Include="renderer\VulkanBuffer.cpp">
      <Filter>Engine\Renderer</Filter>
    </ClCompile>
    <ClCompile Include="renderer\VulkanCommandBuffer.cpp">
      <Filter>Engine\Renderer</Filter>
    </ClCompile>
    <ClCompile Include="renderer\VulkanCommandPool.cpp">
      <Filter>Engine\Renderer</Filter>
    </ClCompile>
    <ClCompile Include="renderer\VulkanDescriptor.cpp">
      <Filter>Engine\Renderer</Filter>
    </ClCompile>
    <ClCompile Include="renderer\VulkanDevice.cpp">
      <Filter>Engine\Renderer</Filter>
    </ClCompile>
    <ClCompile Include="renderer\VulkanInstance.cpp">
      <Filter>Engine\Renderer</Filter>
    </ClCompile>
    <ClCompile Include="renderer\VulkanPipeline.cpp">
      <Filter>Engine\Renderer</Filter>
    </ClCompile>
    <ClCompile Include="renderer\VulkanRenderPass.cpp">
      <Filter>Engine\Renderer</Filter>
    </ClCompile>
    <ClCompile Include="renderer\VulkanSwapchain.cpp">
      <Filter>Engine\Renderer</Filter>
    </ClCompile>
  </ItemGroup>
  <ItemGroup>
    <ClInclude Include="..\dependencies\imgui-1.87\imconfig.h">
      <Filter>ImGui</Filter>
    </ClInclude>
    <ClInclude Include="..\dependencies\imgui-1.87\imgui.h">
      <Filter>ImGui</Filter>
    </ClInclude>
    <ClInclude Include="..\dependencies\imgui-1.87\imgui_impl_glfw.h">
      <Filter>ImGui</Filter>
    </ClInclude>
    <ClInclude Include="..\dependencies\imgui-1.87\imgui_impl_vulkan.h">
      <Filter>ImGui</Filter>
    </ClInclude>
    <ClInclude Include="..\dependencies\imgui-1.87\imgui_internal.h">
      <Filter>ImGui</Filter>
    </ClInclude>
    <ClInclude Include="..\dependencies\imgui-1.87\imstb_rectpack.h">
      <Filter>ImGui</Filter>
    </ClInclude>
    <ClInclude Include="..\dependencies\imgui-1.87\imstb_textedit.h">
      <Filter>ImGui</Filter>
    </ClInclude>
    <ClInclude Include="..\dependencies\imgui-1.87\imstb_truetype.h">
      <Filter>ImGui</Filter>
    </ClInclude>
    <ClInclude Include="Engine.h">
      <Filter>Source</Filter>
    </ClInclude>
    <ClInclude Include="errors.h">
      <Filter>Source</Filter>
    </ClInclude>
    <ClInclude Include="Logger.h">
      <Filter>Source</Filter>
    </ClInclude>
    <ClInclude Include="Window.h">
      <Filter>Source</Filter>
    </ClInclude>
    <ClInclude Include="world\GameObject.h">
      <Filter>Engine\World</Filter>
    </ClInclude>
    <ClInclude Include="world\Geometry.h">
      <Filter>Engine\World</Filter>
    </ClInclude>
    <ClInclude Include="world\LightObject.h">
      <Filter>Engine\World</Filter>
    </ClInclude>
    <ClInclude Include="world\Material.h">
      <Filter>Engine\World</Filter>
    </ClInclude>
    <ClInclude Include="world\Mesh.h">
      <Filter>Engine\World</Filter>
    </ClInclude>
    <ClInclude Include="world\Scene.h">
      <Filter>Engine\World</Filter>
    </ClInclude>
    <ClInclude Include="world\Texture.h">
      <Filter>Engine\World</Filter>
    </ClInclude>
    <ClInclude Include="graphics\CameraUBO.h">
      <Filter>Engine\Graphics</Filter>
    </ClInclude>
    <ClInclude Include="graphics\Config.h">
      <Filter>Engine\Graphics</Filter>
    </ClInclude>
    <ClInclude Include="graphics\Geometry.h">
      <Filter>Engine\Graphics</Filter>
    </ClInclude>
    <ClInclude Include="graphics\Graphics.h">
      <Filter>Engine\Graphics</Filter>
    </ClInclude>
    <ClInclude Include="graphics\LightProperties.h">
      <Filter>Engine\Graphics</Filter>
    </ClInclude>
    <ClInclude Include="graphics\Math.h">
      <Filter>Engine\Graphics</Filter>
    </ClInclude>
    <ClInclude Include="graphics\SceneUBO.h">
      <Filter>Engine\Graphics</Filter>
    </ClInclude>
    <ClInclude Include="graphics\Shaders.h">
      <Filter>Engine\Graphics</Filter>
    </ClInclude>
    <ClInclude Include="graphics\Vertex.h">
      <Filter>Engine\Graphics</Filter>
    </ClInclude>
    <ClInclude Include="cameras\Camera.h">
      <Filter>Engine\Cameras</Filter>
    </ClInclude>
    <ClInclude Include="cameras\Controller.h">
      <Filter>Engine\Cameras</Filter>
    </ClInclude>
    <ClInclude Include="ui\ConsoleUI.h">
      <Filter>Engine\UI</Filter>
    </ClInclude>
    <ClInclude Include="renderer\Renderer.h">
      <Filter>Engine\Renderer</Filter>
    </ClInclude>
    <ClInclude Include="renderer\VulkanBuffer.h">
      <Filter>Engine\Renderer</Filter>
    </ClInclude>
    <ClInclude Include="renderer\VulkanCommandBuffer.h">
      <Filter>Engine\Renderer</Filter>
    </ClInclude>
    <ClInclude Include="renderer\VulkanCommandPool.h">
      <Filter>Engine\Renderer</Filter>
    </ClInclude>
    <ClInclude Include="renderer\VulkanDescriptor.h">
      <Filter>Engine\Renderer</Filter>
    </ClInclude>
    <ClInclude Include="renderer\VulkanDevice.h">
      <Filter>Engine\Renderer</Filter>
    </ClInclude>
    <ClInclude Include="renderer\VulkanInstance.h">
      <Filter>Engine\Renderer</Filter>
    </ClInclude>
    <ClInclude Include="renderer\VulkanPipeline.h">
      <Filter>Engine\Renderer</Filter>
    </ClInclude>
    <ClInclude Include="renderer\VulkanRenderPass.h">
      <Filter>Engine\Renderer</Filter>
    </ClInclude>
    <ClInclude Include="renderer\VulkanSwapchain.h">
      <Filter>Engine\Renderer</Filter>
    </ClInclude>
  </ItemGroup>
  <ItemGroup>
    <None Include="..\assets\shaders\HLSL\no_texture_shader.frag">
      <Filter>Asset</Filter>
    </None>
    <None Include="..\assets\shaders\HLSL\normalmap.vert">
      <Filter>Asset</Filter>
    </None>
    <None Include="..\assets\shaders\HLSL\shader.vert">
      <Filter>Asset</Filter>
    </None>
    <None Include="..\assets\shaders\HLSL\shader_compiler.bat">
      <Filter>Asset</Filter>
    </None>
    <None Include="..\assets\shaders\HLSL\texture_shader.frag">
      <Filter>Asset</Filter>
    </None>
    <None Include="ClassDiagram.cd" />
  </ItemGroup>
</Project>