<?xml version="1.0" encoding="utf-8"?>
<Project ToolsVersion="4.0" xmlns="http://schemas.microsoft.com/developer/msbuild/2003">
  <ItemGroup>
    <Filter Include="Source">
      <UniqueIdentifier>{9f9e0cd2-18d0-4e94-aa12-c68990452897}</UniqueIdentifier>
    </Filter>
    <Filter Include="Header">
      <UniqueIdentifier>{40e94656-0cb3-42d0-ba41-7ed14c8f9d02}</UniqueIdentifier>
    </Filter>
    <Filter Include="Engine">
      <UniqueIdentifier>{be767481-ce1d-4bad-a5f3-4aeae38d9b7f}</UniqueIdentifier>
    </Filter>
    <Filter Include="Engine\shaders">
      <UniqueIdentifier>{e06a0a1d-1845-47d4-806a-03cbfb95abf7}</UniqueIdentifier>
    </Filter>
    <Filter Include="Engine\Renderer">
      <UniqueIdentifier>{fc06610a-7ac2-4f0f-b638-951b5eff3bd8}</UniqueIdentifier>
    </Filter>
    <Filter Include="Engine\Renderer\Source">
      <UniqueIdentifier>{b986bf13-9bde-4c6f-9e95-64d327af707f}</UniqueIdentifier>
    </Filter>
    <Filter Include="Engine\Renderer\Header">
      <UniqueIdentifier>{0d1af4c2-15bc-44da-b00c-5e037acde0d6}</UniqueIdentifier>
    </Filter>
    <Filter Include="Engine\Graphics">
      <UniqueIdentifier>{c8467a9d-cccc-486f-814e-ac1fa2cce737}</UniqueIdentifier>
    </Filter>
    <Filter Include="Engine\Graphics\Header">
      <UniqueIdentifier>{0773a226-0a6e-44bb-997b-0848af431efa}</UniqueIdentifier>
    </Filter>
    <Filter Include="Engine\Graphics\Source">
      <UniqueIdentifier>{2e3255ef-0cc2-44cf-9e70-64ccc5b203bc}</UniqueIdentifier>
    </Filter>
  </ItemGroup>
  <ItemGroup>
    <ClCompile Include="..\Source.cpp">
      <Filter>Source</Filter>
    </ClCompile>
    <ClCompile Include="..\Logger.cpp">
      <Filter>Source</Filter>
    </ClCompile>
    <ClCompile Include="..\VulkanBuffer.cpp">
      <Filter>Engine\Renderer\Source</Filter>
    </ClCompile>
    <ClCompile Include="..\VulkanCommandBuffer.cpp">
      <Filter>Engine\Renderer\Source</Filter>
    </ClCompile>
    <ClCompile Include="..\VulkanCommandPool.cpp">
      <Filter>Engine\Renderer\Source</Filter>
    </ClCompile>
    <ClCompile Include="..\VulkanDescriptor.cpp">
      <Filter>Engine\Renderer\Source</Filter>
    </ClCompile>
    <ClCompile Include="..\VulkanDevice.cpp">
      <Filter>Engine\Renderer\Source</Filter>
    </ClCompile>
    <ClCompile Include="..\VulkanInstance.cpp">
      <Filter>Engine\Renderer\Source</Filter>
    </ClCompile>
    <ClCompile Include="..\VulkanPipeline.cpp">
      <Filter>Engine\Renderer\Source</Filter>
    </ClCompile>
    <ClCompile Include="..\VulkanRenderPass.cpp">
      <Filter>Engine\Renderer\Source</Filter>
    </ClCompile>
    <ClCompile Include="..\VulkanSwapchain.cpp">
      <Filter>Engine\Renderer\Source</Filter>
    </ClCompile>
    <ClCompile Include="..\Renderer.cpp">
      <Filter>Engine\Renderer\Source</Filter>
    </ClCompile>
    <ClCompile Include="..\Camera.cpp">
      <Filter>Engine\Graphics\Source</Filter>
    </ClCompile>
    <ClCompile Include="..\Player.cpp">
      <Filter>Engine\Graphics\Source</Filter>
    </ClCompile>
    <ClCompile Include="..\Window.cpp">
      <Filter>Engine\Graphics\Source</Filter>
    </ClCompile>
    <ClCompile Include="..\Mesh.cpp">
      <Filter>Engine\Graphics\Source</Filter>
    </ClCompile>
    <ClCompile Include="..\Texture.cpp">
      <Filter>Engine\Graphics\Source</Filter>
    </ClCompile>
    <ClCompile Include="..\Engine.cpp">
      <Filter>Engine</Filter>
    </ClCompile>
    <ClCompile Include="..\GameObject.cpp">
      <Filter>Engine\Graphics\Source</Filter>
    </ClCompile>
    <ClCompile Include="..\Material.cpp">
      <Filter>Engine\Graphics\Source</Filter>
    </ClCompile>
    <ClCompile Include="..\Scene.cpp">
      <Filter>Engine\Graphics\Source</Filter>
    </ClCompile>
  </ItemGroup>
  <ItemGroup>
    <ClInclude Include="..\VulkanBuffer.h">
      <Filter>Engine\Renderer\Header</Filter>
    </ClInclude>
    <ClInclude Include="..\VulkanCommandBuffer.h">
      <Filter>Engine\Renderer\Header</Filter>
    </ClInclude>
    <ClInclude Include="..\VulkanCommandPool.h">
      <Filter>Engine\Renderer\Header</Filter>
    </ClInclude>
    <ClInclude Include="..\VulkanDescriptor.h">
      <Filter>Engine\Renderer\Header</Filter>
    </ClInclude>
    <ClInclude Include="..\VulkanDevice.h">
      <Filter>Engine\Renderer\Header</Filter>
    </ClInclude>
    <ClInclude Include="..\VulkanInstance.h">
      <Filter>Engine\Renderer\Header</Filter>
    </ClInclude>
    <ClInclude Include="..\VulkanPipeline.h">
      <Filter>Engine\Renderer\Header</Filter>
    </ClInclude>
    <ClInclude Include="..\VulkanRenderPass.h">
      <Filter>Engine\Renderer\Header</Filter>
    </ClInclude>
    <ClInclude Include="..\VulkanSwapchain.h">
      <Filter>Engine\Renderer\Header</Filter>
    </ClInclude>
    <ClInclude Include="..\Renderer.h">
      <Filter>Engine\Renderer\Header</Filter>
    </ClInclude>
    <ClInclude Include="..\Graphics.h">
      <Filter>Engine\Renderer\Header</Filter>
    </ClInclude>
    <ClInclude Include="..\Logger.h">
      <Filter>Header</Filter>
    </ClInclude>
    <ClInclude Include="..\Math.h">
      <Filter>Header</Filter>
    </ClInclude>
    <ClInclude Include="..\Vertex.h">
      <Filter>Header</Filter>
    </ClInclude>
    <ClInclude Include="..\Camera.h">
      <Filter>Engine\Graphics\Header</Filter>
    </ClInclude>
    <ClInclude Include="..\Config.h">
      <Filter>Engine\Graphics\Header</Filter>
    </ClInclude>
    <ClInclude Include="..\Player.h">
      <Filter>Engine\Graphics\Header</Filter>
    </ClInclude>
    <ClInclude Include="..\Window.h">
      <Filter>Engine\Graphics\Header</Filter>
    </ClInclude>
    <ClInclude Include="..\Mesh.h">
      <Filter>Engine\Graphics\Header</Filter>
    </ClInclude>
    <ClInclude Include="..\Texture.h">
      <Filter>Engine\Graphics\Header</Filter>
    </ClInclude>
    <ClInclude Include="..\Engine.h">
      <Filter>Engine</Filter>
    </ClInclude>
    <ClInclude Include="..\GameObject.h">
      <Filter>Engine\Graphics\Header</Filter>
    </ClInclude>
    <ClInclude Include="..\Material.h">
      <Filter>Engine\Graphics\Header</Filter>
    </ClInclude>
    <ClInclude Include="..\Scene.h">
      <Filter>Engine\Graphics\Header</Filter>
    </ClInclude>
  </ItemGroup>
  <ItemGroup>
    <None Include="..\shaders\shader.vert">
      <Filter>Engine\shaders</Filter>
    </None>
    <None Include="..\shaders\shader.frag">
      <Filter>Engine\shaders</Filter>
    </None>
  </ItemGroup>
</Project>